
Microsoft Visual Studio Solution File, Format Version 12.00
# Visual Studio Version 17
VisualStudioVersion = 17.4.33103.184
MinimumVisualStudioVersion = 10.0.40219.1
Project("{FAE04EC0-301F-11D3-BF4B-00C04F79EFBC}") = "AnimePlayerAppRes", "AnimePlayerAppRes\AnimePlayerAppRes.csproj", "{F6D160EA-D988-48A5-A140-6553FB4F5023}"
EndProject
Global
	GlobalSection(SolutionConfigurationPlatforms) = preSolution
		Debug|Any CPU = Debug|Any CPU
		Release|Any CPU = Release|Any CPU
	EndGlobalSection
	GlobalSection(ProjectConfigurationPlatforms) = postSolution
		{F6D160EA-D988-48A5-A140-6553FB4F5023}.Debug|Any CPU.ActiveCfg = Debug|Any CPU
		{F6D160EA-D988-48A5-A140-6553FB4F5023}.Debug|Any CPU.Build.0 = Debug|Any CPU
		{F6D160EA-D988-48A5-A140-6553FB4F5023}.Release|Any CPU.ActiveCfg = Release|Any CPU
		{F6D160EA-D988-48A5-A140-6553FB4F5023}.Release|Any CPU.Build.0 = Release|Any CPU
	EndGlobalSection
	GlobalSection(SolutionProperties) = preSolution
		HideSolutionNode = FALSE
	EndGlobalSection
	GlobalSection(ExtensibilityGlobals) = postSolution
		SolutionGuid = {0087F1A0-820B-428A-8B0D-940E67844F5C}
	EndGlobalSection
EndGlobal
